
Microsoft Visual Studio Solution File, Format Version 12.00
# Visual Studio Version 16
VisualStudioVersion = 16.0.30621.155
MinimumVisualStudioVersion = 10.0.40219.1
Project("{FAE04EC0-301F-11D3-BF4B-00C04F79EFBC}") = "WindowsFormsMenus", "WindowsFormsMenus\WindowsFormsMenus.csproj", "{A17C43AC-8139-4986-9DC5-8FAE01F62EAE}"
EndProject
Global
	GlobalSection(SolutionConfigurationPlatforms) = preSolution
		Debug|Any CPU = Debug|Any CPU
		Release|Any CPU = Release|Any CPU
	EndGlobalSection
	GlobalSection(ProjectConfigurationPlatforms) = postSolution
		{A17C43AC-8139-4986-9DC5-8FAE01F62EAE}.Debug|Any CPU.ActiveCfg = Debug|Any CPU
		{A17C43AC-8139-4986-9DC5-8FAE01F62EAE}.Debug|Any CPU.Build.0 = Debug|Any CPU
		{A17C43AC-8139-4986-9DC5-8FAE01F62EAE}.Release|Any CPU.ActiveCfg = Release|Any CPU
		{A17C43AC-8139-4986-9DC5-8FAE01F62EAE}.Release|Any CPU.Build.0 = Release|Any CPU
	EndGlobalSection
	GlobalSection(SolutionProperties) = preSolution
		HideSolutionNode = FALSE
	EndGlobalSection
	GlobalSection(ExtensibilityGlobals) = postSolution
		SolutionGuid = {B78577BE-ADE7-41CB-8EE6-41AF63C0C342}
	EndGlobalSection
EndGlobal
